<?xml version="1.0" encoding="utf-8"?>
<Project ToolsVersion="4.0" xmlns="http://schemas.microsoft.com/developer/msbuild/2003">
  <ItemGroup>
    <Filter Include="Tank">
      <UniqueIdentifier>{cce44936-080e-40a8-8b05-d10fd3522567}</UniqueIdentifier>
    </Filter>
    <Filter Include="Tank\Events">
      <UniqueIdentifier>{dbbee067-c131-4c2f-916b-a6018f9884e0}</UniqueIdentifier>
    </Filter>
    <Filter Include="Tank\Incomplete">
      <UniqueIdentifier>{505a412d-4f0c-4264-a659-64a8faf4285f}</UniqueIdentifier>
    </Filter>
  </ItemGroup>
  <ItemGroup>
    <ClInclude Include="src\application.hpp">
      <Filter>Tank</Filter>
    </ClInclude>
    <ClInclude Include="src\core.hpp">
      <Filter>Tank</Filter>
    </ClInclude>
    <ClInclude Include="src\engine.hpp">
      <Filter>Tank</Filter>
    </ClInclude>
    <ClInclude Include="src\entry_point.hpp">
      <Filter>Tank</Filter>
    </ClInclude>
    <ClInclude Include="src\layer.hpp">
      <Filter>Tank</Filter>
    </ClInclude>
    <ClInclude Include="src\log.hpp">
      <Filter>Tank</Filter>
    </ClInclude>
    <ClInclude Include="src\layer_stack.hpp">
      <Filter>Tank\Incomplete</Filter>
    </ClInclude>
  </ItemGroup>
  <ItemGroup>
    <ClCompile Include="src\application.cpp">
      <Filter>Tank</Filter>
    </ClCompile>
    <ClCompile Include="src\log.cpp">
      <Filter>Tank</Filter>
    </ClCompile>
    <ClCompile Include="src\layer.cpp">
      <Filter>Tank</Filter>
    </ClCompile>
    <ClCompile Include="src\layer_stack.cpp">
      <Filter>Tank\Incomplete</Filter>
    </ClCompile>
  </ItemGroup>
</Project>